
Microsoft Visual Studio Solution File, Format Version 12.00
# Visual Studio Version 17
VisualStudioVersion = 17.0.31903.59
MinimumVisualStudioVersion = 10.0.40219.1
Project("{FAE04EC0-301F-11D3-BF4B-00C04F79EFBC}") = "MARS.Core", "MARS.Core\MARS.Core.csproj", "{10103AD2-877F-4173-A37E-1886259BA008}"
EndProject
Project("{FAE04EC0-301F-11D3-BF4B-00C04F79EFBC}") = "MARS.IO", "MARS.IO\MARS.IO.csproj", "{EA84C3C3-A063-4FAC-BE48-C07DE33E78AF}"
EndProject
Project("{FAE04EC0-301F-11D3-BF4B-00C04F79EFBC}") = "MARS", "MARS\MARS.csproj", "{1EC71A6D-A0C6-4A02-8601-E622138EBEA6}"
EndProject
Project("{FAE04EC0-301F-11D3-BF4B-00C04F79EFBC}") = "MARS.Test", "MARS.Test\MARS.Test.csproj", "{87346AE9-54D0-4E15-90BE-DAE4FDCC0A58}"
EndProject
Project("{FAE04EC0-301F-11D3-BF4B-00C04F79EFBC}") = "MARS.OspreyML", "MARS.OspreyML\MARS.OspreyML.csproj", "{C7DEDAE3-4A4D-40BD-810C-02854B3686C3}"
EndProject
Global
	GlobalSection(SolutionConfigurationPlatforms) = preSolution
		Debug|Any CPU = Debug|Any CPU
		Debug|x64 = Debug|x64
		Debug|x86 = Debug|x86
		Release|Any CPU = Release|Any CPU
		Release|x64 = Release|x64
		Release|x86 = Release|x86
	EndGlobalSection
	GlobalSection(ProjectConfigurationPlatforms) = postSolution
		{10103AD2-877F-4173-A37E-1886259BA008}.Debug|Any CPU.ActiveCfg = Debug|Any CPU
		{10103AD2-877F-4173-A37E-1886259BA008}.Debug|Any CPU.Build.0 = Debug|Any CPU
		{10103AD2-877F-4173-A37E-1886259BA008}.Debug|x64.ActiveCfg = Debug|Any CPU
		{10103AD2-877F-4173-A37E-1886259BA008}.Debug|x64.Build.0 = Debug|Any CPU
		{10103AD2-877F-4173-A37E-1886259BA008}.Debug|x86.ActiveCfg = Debug|Any CPU
		{10103AD2-877F-4173-A37E-1886259BA008}.Debug|x86.Build.0 = Debug|Any CPU
		{10103AD2-877F-4173-A37E-1886259BA008}.Release|Any CPU.ActiveCfg = Release|Any CPU
		{10103AD2-877F-4173-A37E-1886259BA008}.Release|Any CPU.Build.0 = Release|Any CPU
		{10103AD2-877F-4173-A37E-1886259BA008}.Release|x64.ActiveCfg = Release|Any CPU
		{10103AD2-877F-4173-A37E-1886259BA008}.Release|x64.Build.0 = Release|Any CPU
		{10103AD2-877F-4173-A37E-1886259BA008}.Release|x86.ActiveCfg = Release|Any CPU
		{10103AD2-877F-4173-A37E-1886259BA008}.Release|x86.Build.0 = Release|Any CPU
		{EA84C3C3-A063-4FAC-BE48-C07DE33E78AF}.Debug|Any CPU.ActiveCfg = Debug|Any CPU
		{EA84C3C3-A063-4FAC-BE48-C07DE33E78AF}.Debug|Any CPU.Build.0 = Debug|Any CPU
		{EA84C3C3-A063-4FAC-BE48-C07DE33E78AF}.Debug|x64.ActiveCfg = Debug|Any CPU
		{EA84C3C3-A063-4FAC-BE48-C07DE33E78AF}.Debug|x64.Build.0 = Debug|Any CPU
		{EA84C3C3-A063-4FAC-BE48-C07DE33E78AF}.Debug|x86.ActiveCfg = Debug|Any CPU
		{EA84C3C3-A063-4FAC-BE48-C07DE33E78AF}.Debug|x86.Build.0 = Debug|Any CPU
		{EA84C3C3-A063-4FAC-BE48-C07DE33E78AF}.Release|Any CPU.ActiveCfg = Release|Any CPU
		{EA84C3C3-A063-4FAC-BE48-C07DE33E78AF}.Release|Any CPU.Build.0 = Release|Any CPU
		{EA84C3C3-A063-4FAC-BE48-C07DE33E78AF}.Release|x64.ActiveCfg = Release|Any CPU
		{EA84C3C3-A063-4FAC-BE48-C07DE33E78AF}.Release|x64.Build.0 = Release|Any CPU
		{EA84C3C3-A063-4FAC-BE48-C07DE33E78AF}.Release|x86.ActiveCfg = Release|Any CPU
		{EA84C3C3-A063-4FAC-BE48-C07DE33E78AF}.Release|x86.Build.0 = Release|Any CPU
		{1EC71A6D-A0C6-4A02-8601-E622138EBEA6}.Debug|Any CPU.ActiveCfg = Debug|Any CPU
		{1EC71A6D-A0C6-4A02-8601-E622138EBEA6}.Debug|Any CPU.Build.0 = Debug|Any CPU
		{1EC71A6D-A0C6-4A02-8601-E622138EBEA6}.Debug|x64.ActiveCfg = Debug|Any CPU
		{1EC71A6D-A0C6-4A02-8601-E622138EBEA6}.Debug|x64.Build.0 = Debug|Any CPU
		{1EC71A6D-A0C6-4A02-8601-E622138EBEA6}.Debug|x86.ActiveCfg = Debug|Any CPU
		{1EC71A6D-A0C6-4A02-8601-E622138EBEA6}.Debug|x86.Build.0 = Debug|Any CPU
		{1EC71A6D-A0C6-4A02-8601-E622138EBEA6}.Release|Any CPU.ActiveCfg = Release|Any CPU
		{1EC71A6D-A0C6-4A02-8601-E622138EBEA6}.Release|Any CPU.Build.0 = Release|Any CPU
		{1EC71A6D-A0C6-4A02-8601-E622138EBEA6}.Release|x64.ActiveCfg = Release|Any CPU
		{1EC71A6D-A0C6-4A02-8601-E622138EBEA6}.Release|x64.Build.0 = Release|Any CPU
		{1EC71A6D-A0C6-4A02-8601-E622138EBEA6}.Release|x86.ActiveCfg = Release|Any CPU
		{1EC71A6D-A0C6-4A02-8601-E622138EBEA6}.Release|x86.Build.0 = Release|Any CPU
		{87346AE9-54D0-4E15-90BE-DAE4FDCC0A58}.Debug|Any CPU.ActiveCfg = Debug|Any CPU
		{87346AE9-54D0-4E15-90BE-DAE4FDCC0A58}.Debug|Any CPU.Build.0 = Debug|Any CPU
		{87346AE9-54D0-4E15-90BE-DAE4FDCC0A58}.Debug|x64.ActiveCfg = Debug|Any CPU
		{87346AE9-54D0-4E15-90BE-DAE4FDCC0A58}.Debug|x64.Build.0 = Debug|Any CPU
		{87346AE9-54D0-4E15-90BE-DAE4FDCC0A58}.Debug|x86.ActiveCfg = Debug|Any CPU
		{87346AE9-54D0-4E15-90BE-DAE4FDCC0A58}.Debug|x86.Build.0 = Debug|Any CPU
		{87346AE9-54D0-4E15-90BE-DAE4FDCC0A58}.Release|Any CPU.ActiveCfg = Release|Any CPU
		{87346AE9-54D0-4E15-90BE-DAE4FDCC0A58}.Release|Any CPU.Build.0 = Release|Any CPU
		{87346AE9-54D0-4E15-90BE-DAE4FDCC0A58}.Release|x64.ActiveCfg = Release|Any CPU
		{87346AE9-54D0-4E15-90BE-DAE4FDCC0A58}.Release|x64.Build.0 = Release|Any CPU
		{87346AE9-54D0-4E15-90BE-DAE4FDCC0A58}.Release|x86.ActiveCfg = Release|Any CPU
		{87346AE9-54D0-4E15-90BE-DAE4FDCC0A58}.Release|x86.Build.0 = Release|Any CPU
		{C7DEDAE3-4A4D-40BD-810C-02854B3686C3}.Debug|Any CPU.ActiveCfg = Debug|Any CPU
		{C7DEDAE3-4A4D-40BD-810C-02854B3686C3}.Debug|Any CPU.Build.0 = Debug|Any CPU
		{C7DEDAE3-4A4D-40BD-810C-02854B3686C3}.Debug|x64.ActiveCfg = Debug|Any CPU
		{C7DEDAE3-4A4D-40BD-810C-02854B3686C3}.Debug|x64.Build.0 = Debug|Any CPU
		{C7DEDAE3-4A4D-40BD-810C-02854B3686C3}.Debug|x86.ActiveCfg = Debug|Any CPU
		{C7DEDAE3-4A4D-40BD-810C-02854B3686C3}.Debug|x86.Build.0 = Debug|Any CPU
		{C7DEDAE3-4A4D-40BD-810C-02854B3686C3}.Release|Any CPU.ActiveCfg = Release|Any CPU
		{C7DEDAE3-4A4D-40BD-810C-02854B3686C3}.Release|Any CPU.Build.0 = Release|Any CPU
		{C7DEDAE3-4A4D-40BD-810C-02854B3686C3}.Release|x64.ActiveCfg = Release|Any CPU
		{C7DEDAE3-4A4D-40BD-810C-02854B3686C3}.Release|x64.Build.0 = Release|Any CPU
		{C7DEDAE3-4A4D-40BD-810C-02854B3686C3}.Release|x86.ActiveCfg = Release|Any CPU
		{C7DEDAE3-4A4D-40BD-810C-02854B3686C3}.Release|x86.Build.0 = Release|Any CPU
	EndGlobalSection
	GlobalSection(SolutionProperties) = preSolution
		HideSolutionNode = FALSE
	EndGlobalSection
EndGlobal
